{
  "lockfileVersion": 1,
  "configVersion": 1,
  "workspaces": {
    "": {
      "name": "@absolutejs/agent-exchange-sources",
      "devDependencies": {
        "@types/bun": "^1.3.14",
        "prettier": "^3.9.0",
        "typescript": "^5.9.0",
      },
    },
    "email": {
      "name": "@absolutejs/agent-exchange-email",
      "version": "0.4.1",
      "dependencies": {
        "@absolutejs/email": "0.3.1",
        "@absolutejs/manifest": "^0.9.0",
        "@sinclair/typebox": "^0.34.0",
      },
      "devDependencies": {
        "@absolutejs/agency": "0.7.4",
        "@absolutejs/agent-exchange": "0.4.3",
        "@absolutejs/e2ee-webcrypto": "0.1.0",
        "@types/bun": "^1.3.14",
        "prettier": "^3.9.0",
        "typescript": "^5.9.0",
      },
      "peerDependencies": {
        "@absolutejs/agent-exchange": ">=0.2.0 <0.5",
      },
    },
  },
  "packages": {
    "@absolutejs/a2a": ["@absolutejs/a2a@0.3.6", "", { "dependencies": { "@absolutejs/manifest": "^0.7.3", "@sinclair/typebox": "^0.34.0" }, "peerDependencies": { "@absolutejs/agency": ">=0.7.3 <0.8.0", "drizzle-orm": ">=1.0.0-rc.4 <2" } }, "sha512-gU5fuWaXsemeCDTKMVPfGE8Bb5KsqyL7DT2uwl1VFT+kBrXlt6ZyXi6DWAC6Ycf1rra3p5okhxuXAvSQjMsgsQ=="],

    "@absolutejs/agency": ["@absolutejs/agency@0.7.4", "", { "dependencies": { "@absolutejs/manifest": "^0.7.2", "@sinclair/typebox": "^0.34.0" }, "peerDependencies": { "drizzle-orm": ">=1.0.0-rc.4 <2" } }, "sha512-NmWqseXKiMietNHijMgwPEkeEHfbsv/kLwNMA6uQ924cnZQRjZACva1zpYWgQRHgqcmWmt4KgGXs9t+0lQ9Grw=="],

    "@absolutejs/agent-exchange": ["@absolutejs/agent-exchange@0.4.3", "", { "dependencies": { "@absolutejs/a2a": "^0.3.6", "@absolutejs/agency": "^0.7.4", "@absolutejs/e2ee": "0.1.0", "@absolutejs/manifest": "^0.9.0", "@sinclair/typebox": "^0.34.0" } }, "sha512-FUg/fnopfM1+ceimjCkdYQENrcBYeT6B3FsR3FB+/AaIDRgni4LwuGnRF8oIbzUjSj6Iu+6NFAt7nQbLAGKcTg=="],

    "@absolutejs/agent-exchange-email": ["@absolutejs/agent-exchange-email@workspace:email"],

    "@absolutejs/e2ee": ["@absolutejs/e2ee@0.1.0", "", { "dependencies": { "@absolutejs/manifest": "^0.9.0", "@sinclair/typebox": "^0.34.0" } }, "sha512-8McPvyrZA++li1a8QXnpMdxi/uBIk31cdeaiVGNaxWLRy5bHC5ktLyJmPcktUjOwbiR10RKkC6/EiCg04mVDjw=="],

    "@absolutejs/e2ee-webcrypto": ["@absolutejs/e2ee-webcrypto@0.1.0", "", { "dependencies": { "@absolutejs/manifest": "^0.9.0", "@sinclair/typebox": "^0.34.0", "hpke": "1.1.4" }, "peerDependencies": { "@absolutejs/e2ee": ">=0.1.0 <0.2" } }, "sha512-d47cOgMBcFnKxfaMCdLh0RiFYgs/q2PdVPsB8yliBHXpKsXMb9SqNHW7SGeTdHBsz0i50UhHnYTWrf3OlCE/nw=="],

    "@absolutejs/email": ["@absolutejs/email@0.3.1", "", { "dependencies": { "@absolutejs/manifest": "^0.9.0", "@sinclair/typebox": "^0.34.0", "imapflow": "^1.4.1" } }, "sha512-tiwZAP37xNKzoo8V3Z3kBgOB9Z1IIynvldyBbUcr5uu0kkdyHUWg+rpu7/5wjmNRktrOkmhPxxXUfwyhirA74Q=="],

    "@absolutejs/manifest": ["@absolutejs/manifest@0.9.0", "", { "peerDependencies": { "@sinclair/typebox": ">=0.34.0 <0.35.0" }, "bin": { "absolute-manifest": "dist/cli.js" } }, "sha512-naNDdwNoWQgJ3HuFbAu1UcOVR7SGpLBJz/seO8MMX32vrxk6esgzY7OB1CL8YDOegtI/EqQfcvnulnP66A9aGg=="],

    "@pinojs/redact": ["@pinojs/redact@0.4.0", "", {}, "sha512-k2ENnmBugE/rzQfEcdWHcCY+/FM3VLzH9cYEsbdsoqrvzAKRhUZeRNhAZvB8OitQJ1TBed3yqWtdjzS6wJKBwg=="],

    "@sinclair/typebox": ["@sinclair/typebox@0.34.52", "", {}, "sha512-XiMQh7qqVlxZzcVD+kkGMNGMzcTrDMLWI7S4x7z1MkCkbDPrekpZXEUK0eZqZFMuHQg2a2DZOcDIh9o5v3Gonw=="],

    "@types/bun": ["@types/bun@1.4.0", "", { "dependencies": { "bun-types": "1.4.0" } }, "sha512-K+lZULY23vRgK/CfTjFIV+tyifaNdSMlPh9j+6mQ/cLfpOznLyAuzgV/JQysyECpkBQLVMSyvjlr2fBUSA9wFQ=="],

    "@types/node": ["@types/node@26.3.0", "", { "dependencies": { "undici-types": "~8.3.0" } }, "sha512-L3fgrnchriRC2ExBflb8j4uZZURHZfQsmQeyVzhjcHW4kkwVyo8/0h1B2MVzMTrYUJYu6G7EWs14hW/L9putqw=="],

    "@zone-eu/mailsplit": ["@zone-eu/mailsplit@5.4.15", "", { "dependencies": { "libbase64": "1.3.0", "libmime": "5.4.2", "libqp": "2.1.1" } }, "sha512-c7ZpxauvF4AEkDJlKDYO7iMUtMuqJMBnDWNff1cyx+d7zaBVR3iFEmXhNHOVoMmVyVF3pTZLsLIJsEFKDldOAA=="],

    "atomic-sleep": ["atomic-sleep@1.0.0", "", {}, "sha512-kNOjDqAh7px0XWNI+4QbzoiR/nTkHAWNud2uvnJquD1/x5a7EQZMJT0AczqK0Qn67oY/TTQ1LbUKajZpp3I9tQ=="],

    "bun-types": ["bun-types@1.4.0", "", { "dependencies": { "@types/node": "*" } }, "sha512-iIKw23BspnQQYd3prITOBxeUsxBHnwzX6YJfGMuNOZzeNcMmVqzIIVGRm1l69ogaPQmb4wB6BN8mA5bE9YuC5Q=="],

    "drizzle-orm": ["drizzle-orm@1.0.0-rc.5-ab785fc", "", { "peerDependencies": { "@aws-sdk/client-rds-data": ">=3", "@cloudflare/workers-types": ">=4", "@effect/sql-d1": ">=4.0.0-beta.105 || >=4.0.0", "@effect/sql-libsql": ">=4.0.0-beta.105 || >=4.0.0", "@effect/sql-mysql2": ">=4.0.0-beta.105 || >=4.0.0", "@effect/sql-pg": ">=4.0.0-beta.105 || >=4.0.0", "@effect/sql-pglite": ">=4.0.0-beta.105 || >=4.0.0", "@effect/sql-sqlite-bun": ">=4.0.0-beta.105 || >=4.0.0", "@effect/sql-sqlite-do": ">=4.0.0-beta.105 || >=4.0.0", "@effect/sql-sqlite-node": ">=4.0.0-beta.105 || >=4.0.0", "@effect/sql-sqlite-wasm": ">=4.0.0-beta.105 || >=4.0.0", "@electric-sql/pglite": ">=0.2.0", "@libsql/client": ">=0.10.0", "@libsql/client-wasm": ">=0.10.0", "@neondatabase/serverless": ">=0.10.0", "@op-engineering/op-sqlite": ">=17", "@opentelemetry/api": "^1.4.1", "@planetscale/database": ">=1.13", "@sinclair/typebox": ">=0.34.8", "@sqlitecloud/drivers": ">=1.0.653", "@tidbcloud/serverless": "*", "@tursodatabase/database": ">=0.7.1", "@tursodatabase/database-common": ">=0.7.1", "@tursodatabase/database-wasm": ">=0.7.1", "@tursodatabase/serverless": ">=1.4.0", "@tursodatabase/sync": ">=0.7.1", "@types/better-sqlite3": "*", "@types/mssql": "^9.1.4", "@types/pg": "*", "@types/sql.js": "*", "@upstash/redis": ">=1.34.7", "@vercel/postgres": ">=0.8.0", "@xata.io/client": "*", "arktype": ">=2.0.0", "better-sqlite3": ">=9.3.0", "bun-types": "*", "effect": ">=4.0.0-beta.105 || >=4.0.0", "expo-sqlite": ">=14.0.0", "minipg": ">=0.2.0", "mssql": "^11.0.1", "mysql2": ">=2", "pg": ">=8", "postgres": ">=3", "sql.js": ">=1", "sqlite3": ">=5", "typebox": ">=1.2.0", "valibot": ">=1.0.0-beta.7", "zod": "^3.25.0 || ^4.0.0" }, "optionalPeers": ["@aws-sdk/client-rds-data", "@cloudflare/workers-types", "@effect/sql-d1", "@effect/sql-libsql", "@effect/sql-mysql2", "@effect/sql-pg", "@effect/sql-pglite", "@effect/sql-sqlite-bun", "@effect/sql-sqlite-do", "@effect/sql-sqlite-node", "@effect/sql-sqlite-wasm", "@electric-sql/pglite", "@libsql/client", "@libsql/client-wasm", "@neondatabase/serverless", "@op-engineering/op-sqlite", "@opentelemetry/api", "@planetscale/database", "@sinclair/typebox", "@sqlitecloud/drivers", "@tidbcloud/serverless", "@tursodatabase/database", "@tursodatabase/database-common", "@tursodatabase/database-wasm", "@tursodatabase/serverless", "@tursodatabase/sync", "@types/better-sqlite3", "@types/mssql", "@types/pg", "@types/sql.js", "@upstash/redis", "@vercel/postgres", "@xata.io/client", "arktype", "better-sqlite3", "bun-types", "effect", "expo-sqlite", "minipg", "mssql", "mysql2", "pg", "postgres", "sql.js", "sqlite3", "typebox", "valibot", "zod"] }, "sha512-28PVt0PS/+4kPa8eKr4mqP8y/YcbdOgdVcGUa6LGl2Kd2bykNWuf/WUOFoSCoynagblbcRgMO1zChLvRcWD6Tg=="],

    "encoding-japanese": ["encoding-japanese@2.2.0", "", {}, "sha512-EuJWwlHPZ1LbADuKTClvHtwbaFn4rOD+dRAbWysqEOXRc2Uui0hJInNJrsdH0c+OhJA4nrCBdSkW4DD5YxAo6A=="],

    "hpke": ["hpke@1.1.4", "", {}, "sha512-cPzmFEsiyNnD7281X5WeZ461mbH+3P+rjWMSNrLO5rks7dAJvFXAyMwCmorB61pxt+jBnd0GQ6CY43TqOxmhCQ=="],

    "iconv-lite": ["iconv-lite@0.7.3", "", { "dependencies": { "safer-buffer": ">= 2.1.2 < 3.0.0" } }, "sha512-IKXpvIzjnC9XTAUbVBcMfGS0EPaIXtW6v+zr+RRp+hqULEpo0owZax6wyRwPOJbWbzjYspQwusTsfVr0ifh4uQ=="],

    "imapflow": ["imapflow@1.7.6", "", { "dependencies": { "@zone-eu/mailsplit": "5.4.15", "encoding-japanese": "2.2.0", "iconv-lite": "0.7.3", "libbase64": "1.3.0", "libmime": "5.4.2", "libqp": "2.1.1", "pino": "10.3.1", "socks": "2.8.9" } }, "sha512-xah3HpJKHzNbO780jy+v/Gjmly9WBgPH2dl5/nNs+Q5ofjpn4bUTz0PR2kcrHGlBRsjGFOC7NTYkStakGN8Fyg=="],

    "ip-address": ["ip-address@10.5.0", "", {}, "sha512-R5SnVLJmgYYvf2F2ZgwSBnelz5G4q5AxIC277GDfUaNbrZKNANcBC7RHqYYePlszf4kBolVkJauG0ZjHHFh55g=="],

    "libbase64": ["libbase64@1.3.0", "", {}, "sha512-GgOXd0Eo6phYgh0DJtjQ2tO8dc0IVINtZJeARPeiIJqge+HdsWSuaDTe8ztQ7j/cONByDZ3zeB325AHiv5O0dg=="],

    "libmime": ["libmime@5.4.2", "", { "dependencies": { "encoding-japanese": "2.2.0", "iconv-lite": "0.7.3", "libbase64": "1.3.0", "libqp": "2.1.1" } }, "sha512-+IQnCOdPiufGBkOii+Ze8F7iniyBzOwvWDbn1DyExBpc9pT2B3IEMQi7GUc/PpqhNUh/sr1SG9UXDITQoR0VIA=="],

    "libqp": ["libqp@2.1.1", "", {}, "sha512-0Wd+GPz1O134cP62YU2GTOPNA7Qgl09XwCqM5zpBv87ERCXdfDtyKXvV7c9U22yWJh44QZqBocFnXN11K96qow=="],

    "on-exit-leak-free": ["on-exit-leak-free@2.1.2", "", {}, "sha512-0eJJY6hXLGf1udHwfNftBqH+g73EU4B504nZeKpz1sYRKafAghwxEJunB2O7rDZkL4PGfsMVnTXZ2EjibbqcsA=="],

    "pino": ["pino@10.3.1", "", { "dependencies": { "@pinojs/redact": "^0.4.0", "atomic-sleep": "^1.0.0", "on-exit-leak-free": "^2.1.0", "pino-abstract-transport": "^3.0.0", "pino-std-serializers": "^7.0.0", "process-warning": "^5.0.0", "quick-format-unescaped": "^4.0.3", "real-require": "^0.2.0", "safe-stable-stringify": "^2.3.1", "sonic-boom": "^4.0.1", "thread-stream": "^4.0.0" }, "bin": { "pino": "bin.js" } }, "sha512-r34yH/GlQpKZbU1BvFFqOjhISRo1MNx1tWYsYvmj6KIRHSPMT2+yHOEb1SG6NMvRoHRF0a07kCOox/9yakl1vg=="],

    "pino-abstract-transport": ["pino-abstract-transport@3.0.0", "", { "dependencies": { "split2": "^4.0.0" } }, "sha512-wlfUczU+n7Hy/Ha5j9a/gZNy7We5+cXp8YL+X+PG8S0KXxw7n/JXA3c46Y0zQznIJ83URJiwy7Lh56WLokNuxg=="],

    "pino-std-serializers": ["pino-std-serializers@7.1.0", "", {}, "sha512-BndPH67/JxGExRgiX1dX0w1FvZck5Wa4aal9198SrRhZjH3GxKQUKIBnYJTdj2HDN3UQAS06HlfcSbQj2OHmaw=="],

    "prettier": ["prettier@3.9.6", "", { "bin": { "prettier": "bin/prettier.cjs" } }, "sha512-OpN0zzVdiaiAhxpuuj5efpIS4sY9j7bY6uR5mnj5yPzGkdkjNKSJeUThPb60Jw29QuAZgA4o+/iB49kFiaBX6g=="],

    "process-warning": ["process-warning@5.1.0", "", {}, "sha512-jQSaVHsPgtyw60e1rQ/A+/ArPEj/S8pS/vFnyGa/gYFXrKk/6RuDkoqVDQ5NI5MmS01698ltlAk0NoDBNLujRw=="],

    "quick-format-unescaped": ["quick-format-unescaped@4.0.4", "", {}, "sha512-tYC1Q1hgyRuHgloV/YXs2w15unPVh8qfu/qCTfhTYamaw7fyhumKa2yGpdSo87vY32rIclj+4fWYQXUMs9EHvg=="],

    "real-require": ["real-require@0.2.0", "", {}, "sha512-57frrGM/OCTLqLOAh0mhVA9VBMHd+9U7Zb2THMGdBUoZVOtGbJzjxsYGDJ3A9AYYCP4hn6y1TVbaOfzWtm5GFg=="],

    "safe-stable-stringify": ["safe-stable-stringify@2.5.0", "", {}, "sha512-b3rppTKm9T+PsVCBEOUR46GWI7fdOs00VKZ1+9c1EWDaDMvjQc6tUwuFyIprgGgTcWoVHSKrU8H31ZHA2e0RHA=="],

    "safer-buffer": ["safer-buffer@2.1.2", "", {}, "sha512-YZo3K82SD7Riyi0E1EQPojLz7kpepnSQI9IyPbHHg1XXXevb5dJI7tpyN2ADxGcQbHG7vcyRHk0cbwqcQriUtg=="],

    "smart-buffer": ["smart-buffer@4.2.0", "", {}, "sha512-94hK0Hh8rPqQl2xXc3HsaBoOXKV20MToPkcXvwbISWLEs+64sBq5kFgn2kJDHb1Pry9yrP0dxrCI9RRci7RXKg=="],

    "socks": ["socks@2.8.9", "", { "dependencies": { "ip-address": "^10.1.1", "smart-buffer": "^4.2.0" } }, "sha512-LJhUYUvItdQ0LkJTmPeaEObWXAqFyfmP85x0tch/ez9cahmhlBBLbIqDFnvBnUJGagb0JbIQrkBs1wJ+yRYpEw=="],

    "sonic-boom": ["sonic-boom@4.2.1", "", { "dependencies": { "atomic-sleep": "^1.0.0" } }, "sha512-w6AxtubXa2wTXAUsZMMWERrsIRAdrK0Sc+FUytWvYAhBJLyuI4llrMIC1DtlNSdI99EI86KZum2MMq3EAZlF9Q=="],

    "split2": ["split2@4.2.0", "", {}, "sha512-UcjcJOWknrNkF6PLX83qcHM6KHgVKNkV62Y8a5uYDVv9ydGQVwAHMKqHdJje1VTWpljG0WYpCDhrCdAOYH4TWg=="],

    "thread-stream": ["thread-stream@4.2.0", "", { "dependencies": { "real-require": "^1.0.0" } }, "sha512-e2zZ96wSChazBsbENf/Pcm/4swHt2cEKQ92rhUjkL9GCKiTDJIaTBenjE/m9DXi0QBmTMDkFDdOomUy20A1tDQ=="],

    "typescript": ["typescript@5.9.3", "", { "bin": { "tsc": "bin/tsc", "tsserver": "bin/tsserver" } }, "sha512-jl1vZzPDinLr9eUt3J/t7V6FgNEw9QjvBPdysz9KfQDD41fQrC2Y4vKQdiaUpFT4bXlb1RHhLpp8wtm6M5TgSw=="],

    "undici-types": ["undici-types@8.3.0", "", {}, "sha512-j375ScV60dom+YkPFIfTLcOiPxkN/buHz5GobjLhixFuANaNs3C9l4GmrWqejgXWJ7BbJcFYpTEUkS1Ge8bpZQ=="],

    "@absolutejs/a2a/@absolutejs/manifest": ["@absolutejs/manifest@0.7.3", "", { "peerDependencies": { "@sinclair/typebox": ">=0.34.0 <0.35.0" }, "bin": { "absolute-manifest": "dist/cli.js" } }, "sha512-P0Tx5L+o4ZBBvmOz86JdjNYC1nUaCRgSlX8OgXzmGK0iSPL3gxdUUUyPKNUzjdQicu0Waj0MZHz1XIEBLtjTlw=="],

    "@absolutejs/agency/@absolutejs/manifest": ["@absolutejs/manifest@0.7.3", "", { "peerDependencies": { "@sinclair/typebox": ">=0.34.0 <0.35.0" }, "bin": { "absolute-manifest": "dist/cli.js" } }, "sha512-P0Tx5L+o4ZBBvmOz86JdjNYC1nUaCRgSlX8OgXzmGK0iSPL3gxdUUUyPKNUzjdQicu0Waj0MZHz1XIEBLtjTlw=="],

    "thread-stream/real-require": ["real-require@1.0.0", "", {}, "sha512-P4nbQYQfePJxRSmY+v/KINxVucm4NF3p3s7pJveMTtom52FR4YGltUQLB8idDXwDDWW+eYrWDFbuzUnjoWHF7g=="],
  }
}
